// !$*UTF8*$!
{
	archiveVersion = 1;
	classes = {
	};
	objectVersion = 46;
	objects = {

/* Begin PBXBuildFile section */
		B822F47B16FD7B200039B14B /* UIKit.framework in Frameworks */ = {isa = PBXBuildFile; fileRef = B822F47A16FD7B200039B14B /* UIKit.framework */; };
		B822F47D16FD7B200039B14B /* Foundation.framework in Frameworks */ = {isa = PBXBuildFile; fileRef = B822F47C16FD7B200039B14B /* Foundation.framework */; };
		B822F47F16FD7B200039B14B /* CoreGraphics.framework in Frameworks */ = {isa = PBXBuildFile; fileRef = B822F47E16FD7B200039B14B /* CoreGraphics.framework */; };
		B822F48516FD7B200039B14B /* InfoPlist.strings in Resources */ = {isa = PBXBuildFile; fileRef = B822F48316FD7B200039B14B /* InfoPlist.strings */; };
		B822F48716FD7B200039B14B /* main.m in Sources */ = {isa = PBXBuildFile; fileRef = B822F48616FD7B200039B14B /* main.m */; };
		B822F48B16FD7B200039B14B /* AppDelegate.m in Sources */ = {isa = PBXBuildFile; fileRef = B822F48A16FD7B200039B14B /* AppDelegate.m */; };
		B822F48D16FD7B200039B14B /* Default.png in Resources */ = {isa = PBXBuildFile; fileRef = B822F48C16FD7B200039B14B /* Default.png */; };
		B822F48F16FD7B200039B14B /* Default@2x.png in Resources */ = {isa = PBXBuildFile; fileRef = B822F48E16FD7B200039B14B /* Default@2x.png */; };
		B822F49116FD7B200039B14B /* Default-568h@2x.png in Resources */ = {isa = PBXBuildFile; fileRef = B822F49016FD7B200039B14B /* Default-568h@2x.png */; };
		B822F49B16FD84140039B14B /* HomeController.m in Sources */ = {isa = PBXBuildFile; fileRef = B822F49916FD84140039B14B /* HomeController.m */; };
		B822F49C16FD84140039B14B /* HomeController.xib in Resources */ = {isa = PBXBuildFile; fileRef = B822F49A16FD84140039B14B /* HomeController.xib */; };
		B827292516FE138F00C9E8C5 /* UIKit.framework in Frameworks */ = {isa = PBXBuildFile; fileRef = B822F47A16FD7B200039B14B /* UIKit.framework */; };
		B827292616FE138F00C9E8C5 /* Foundation.framework in Frameworks */ = {isa = PBXBuildFile; fileRef = B822F47C16FD7B200039B14B /* Foundation.framework */; };
		B827292716FE138F00C9E8C5 /* CoreGraphics.framework in Frameworks */ = {isa = PBXBuildFile; fileRef = B822F47E16FD7B200039B14B /* CoreGraphics.framework */; };
		B827292D16FE138F00C9E8C5 /* InfoPlist.strings in Resources */ = {isa = PBXBuildFile; fileRef = B827292B16FE138F00C9E8C5 /* InfoPlist.strings */; };
		B827292F16FE139000C9E8C5 /* main.m in Sources */ = {isa = PBXBuildFile; fileRef = B827292E16FE139000C9E8C5 /* main.m */; };
		B827293216FE139000C9E8C5 /* Cedar-iOS.framework in Frameworks */ = {isa = PBXBuildFile; fileRef = B827293116FE139000C9E8C5 /* Cedar-iOS.framework */; };
		B827293B16FE163300C9E8C5 /* AppDelegateSpec.mm in Sources */ = {isa = PBXBuildFile; fileRef = B827293A16FE163300C9E8C5 /* AppDelegateSpec.mm */; settings = {COMPILER_FLAGS = "-fno-objc-arc"; }; };
		B827293C16FE18F500C9E8C5 /* AppDelegate.m in Sources */ = {isa = PBXBuildFile; fileRef = B822F48A16FD7B200039B14B /* AppDelegate.m */; };
		B827293D16FE190600C9E8C5 /* HomeController.m in Sources */ = {isa = PBXBuildFile; fileRef = B822F49916FD84140039B14B /* HomeController.m */; };
		B827293F16FE192100C9E8C5 /* Default-568h@2x.png in Resources */ = {isa = PBXBuildFile; fileRef = B827293E16FE192100C9E8C5 /* Default-568h@2x.png */; };
		B827294116FE1A8C00C9E8C5 /* UIKit+PivotalSpecHelper-iOS.framework in Frameworks */ = {isa = PBXBuildFile; fileRef = B827294016FE1A8C00C9E8C5 /* UIKit+PivotalSpecHelper-iOS.framework */; };
		B827294416FE1B3300C9E8C5 /* SpecHelper.m in Sources */ = {isa = PBXBuildFile; fileRef = B827294316FE1B3300C9E8C5 /* SpecHelper.m */; };
/* End PBXBuildFile section */

/* Begin PBXFileReference section */
		B822F47716FD7B200039B14B /* CarlsApp.app */ = {isa = PBXFileReference; explicitFileType = wrapper.application; includeInIndex = 0; path = CarlsApp.app; sourceTree = BUILT_PRODUCTS_DIR; };
		B822F47A16FD7B200039B14B /* UIKit.framework */ = {isa = PBXFileReference; lastKnownFileType = wrapper.framework; name = UIKit.framework; path = System/Library/Frameworks/UIKit.framework; sourceTree = SDKROOT; };
		B822F47C16FD7B200039B14B /* Foundation.framework */ = {isa = PBXFileReference; lastKnownFileType = wrapper.framework; name = Foundation.framework; path = System/Library/Frameworks/Foundation.framework; sourceTree = SDKROOT; };
		B822F47E16FD7B200039B14B /* CoreGraphics.framework */ = {isa = PBXFileReference; lastKnownFileType = wrapper.framework; name = CoreGraphics.framework; path = System/Library/Frameworks/CoreGraphics.framework; sourceTree = SDKROOT; };
		B822F48216FD7B200039B14B /* CarlsApp-Info.plist */ = {isa = PBXFileReference; lastKnownFileType = text.plist.xml; path = "CarlsApp-Info.plist"; sourceTree = "<group>"; };
		B822F48416FD7B200039B14B /* en */ = {isa = PBXFileReference; lastKnownFileType = text.plist.strings; name = en; path = en.lproj/InfoPlist.strings; sourceTree = "<group>"; };
		B822F48616FD7B200039B14B /* main.m */ = {isa = PBXFileReference; lastKnownFileType = sourcecode.c.objc; path = main.m; sourceTree = "<group>"; };
		B822F48816FD7B200039B14B /* CarlsApp-Prefix.pch */ = {isa = PBXFileReference; lastKnownFileType = sourcecode.c.h; path = "CarlsApp-Prefix.pch"; sourceTree = "<group>"; };
		B822F48916FD7B200039B14B /* AppDelegate.h */ = {isa = PBXFileReference; lastKnownFileType = sourcecode.c.h; path = AppDelegate.h; sourceTree = "<group>"; };
		B822F48A16FD7B200039B14B /* AppDelegate.m */ = {isa = PBXFileReference; lastKnownFileType = sourcecode.c.objc; path = AppDelegate.m; sourceTree = "<group>"; };
		B822F48C16FD7B200039B14B /* Default.png */ = {isa = PBXFileReference; lastKnownFileType = image.png; path = Default.png; sourceTree = "<group>"; };
		B822F48E16FD7B200039B14B /* Default@2x.png */ = {isa = PBXFileReference; lastKnownFileType = image.png; path = "Default@2x.png"; sourceTree = "<group>"; };
		B822F49016FD7B200039B14B /* Default-568h@2x.png */ = {isa = PBXFileReference; lastKnownFileType = image.png; path = "Default-568h@2x.png"; sourceTree = "<group>"; };
		B822F49816FD84140039B14B /* HomeController.h */ = {isa = PBXFileReference; fileEncoding = 4; lastKnownFileType = sourcecode.c.h; path = HomeController.h; sourceTree = "<group>"; };
		B822F49916FD84140039B14B /* HomeController.m */ = {isa = PBXFileReference; fileEncoding = 4; lastKnownFileType = sourcecode.c.objc; path = HomeController.m; sourceTree = "<group>"; };
		B822F49A16FD84140039B14B /* HomeController.xib */ = {isa = PBXFileReference; fileEncoding = 4; lastKnownFileType = file.xib; path = HomeController.xib; sourceTree = "<group>"; };
		B827292416FE138F00C9E8C5 /* Specs.app */ = {isa = PBXFileReference; explicitFileType = wrapper.application; includeInIndex = 0; path = Specs.app; sourceTree = BUILT_PRODUCTS_DIR; };
		B827292A16FE138F00C9E8C5 /* Specs-Info.plist */ = {isa = PBXFileReference; lastKnownFileType = text.plist.xml; path = "Specs-Info.plist"; sourceTree = "<group>"; };
		B827292C16FE138F00C9E8C5 /* en */ = {isa = PBXFileReference; lastKnownFileType = text.plist.strings; name = en; path = en.lproj/InfoPlist.strings; sourceTree = "<group>"; };
		B827292E16FE139000C9E8C5 /* main.m */ = {isa = PBXFileReference; lastKnownFileType = sourcecode.c.objc; path = main.m; sourceTree = "<group>"; };
		B827293016FE139000C9E8C5 /* Specs-Prefix.pch */ = {isa = PBXFileReference; lastKnownFileType = sourcecode.c.h; path = "Specs-Prefix.pch"; sourceTree = "<group>"; };
		B827293116FE139000C9E8C5 /* Cedar-iOS.framework */ = {isa = PBXFileReference; lastKnownFileType = wrapper.framework; name = "Cedar-iOS.framework"; path = "Frameworks/Cedar-iOS.framework"; sourceTree = "<group>"; };
		B827293A16FE163300C9E8C5 /* AppDelegateSpec.mm */ = {isa = PBXFileReference; fileEncoding = 4; lastKnownFileType = sourcecode.cpp.objcpp; path = AppDelegateSpec.mm; sourceTree = "<group>"; };
		B827293E16FE192100C9E8C5 /* Default-568h@2x.png */ = {isa = PBXFileReference; lastKnownFileType = image.png; path = "Default-568h@2x.png"; sourceTree = "<group>"; };
		B827294016FE1A8C00C9E8C5 /* UIKit+PivotalSpecHelper-iOS.framework */ = {isa = PBXFileReference; lastKnownFileType = wrapper.framework; name = "UIKit+PivotalSpecHelper-iOS.framework"; path = "Frameworks/UIKit+PivotalSpecHelper-iOS.framework"; sourceTree = "<group>"; };
		B827294216FE1B3300C9E8C5 /* SpecHelper.h */ = {isa = PBXFileReference; fileEncoding = 4; lastKnownFileType = sourcecode.c.h; path = SpecHelper.h; sourceTree = "<group>"; };
		B827294316FE1B3300C9E8C5 /* SpecHelper.m */ = {isa = PBXFileReference; fileEncoding = 4; lastKnownFileType = sourcecode.c.objc; path = SpecHelper.m; sourceTree = "<group>"; };
/* End PBXFileReference section */

/* Begin PBXFrameworksBuildPhase section */
		B822F47416FD7B200039B14B /* Frameworks */ = {
			isa = PBXFrameworksBuildPhase;
			buildActionMask = 2147483647;
			files = (
				B822F47B16FD7B200039B14B /* UIKit.framework in Frameworks */,
				B822F47D16FD7B200039B14B /* Foundation.framework in Frameworks */,
				B822F47F16FD7B200039B14B /* CoreGraphics.framework in Frameworks */,
			);
			runOnlyForDeploymentPostprocessing = 0;
		};
		B827292116FE138F00C9E8C5 /* Frameworks */ = {
			isa = PBXFrameworksBuildPhase;
			buildActionMask = 2147483647;
			files = (
				B827292516FE138F00C9E8C5 /* UIKit.framework in Frameworks */,
				B827292616FE138F00C9E8C5 /* Foundation.framework in Frameworks */,
				B827292716FE138F00C9E8C5 /* CoreGraphics.framework in Frameworks */,
				B827293216FE139000C9E8C5 /* Cedar-iOS.framework in Frameworks */,
				B827294116FE1A8C00C9E8C5 /* UIKit+PivotalSpecHelper-iOS.framework in Frameworks */,
			);
			runOnlyForDeploymentPostprocessing = 0;
		};
/* End PBXFrameworksBuildPhase section */

/* Begin PBXGroup section */
		B822F46E16FD7B200039B14B = {
			isa = PBXGroup;
			children = (
				B827293E16FE192100C9E8C5 /* Default-568h@2x.png */,
				B822F48016FD7B200039B14B /* CarlsApp */,
				B827292816FE138F00C9E8C5 /* Specs */,
				B822F47916FD7B200039B14B /* Frameworks */,
				B822F47816FD7B200039B14B /* Products */,
			);
			sourceTree = "<group>";
		};
		B822F47816FD7B200039B14B /* Products */ = {
			isa = PBXGroup;
			children = (
				B822F47716FD7B200039B14B /* CarlsApp.app */,
				B827292416FE138F00C9E8C5 /* Specs.app */,
			);
			name = Products;
			sourceTree = "<group>";
		};
		B822F47916FD7B200039B14B /* Frameworks */ = {
			isa = PBXGroup;
			children = (
				B822F47A16FD7B200039B14B /* UIKit.framework */,
				B822F47C16FD7B200039B14B /* Foundation.framework */,
				B822F47E16FD7B200039B14B /* CoreGraphics.framework */,
			);
			name = Frameworks;
			sourceTree = "<group>";
		};
		B822F48016FD7B200039B14B /* CarlsApp */ = {
			isa = PBXGroup;
			children = (
				B827293816FE14E500C9E8C5 /* Frameworks */,
				B822F48916FD7B200039B14B /* AppDelegate.h */,
				B822F48A16FD7B200039B14B /* AppDelegate.m */,
				B822F49816FD84140039B14B /* HomeController.h */,
				B822F49916FD84140039B14B /* HomeController.m */,
				B822F49A16FD84140039B14B /* HomeController.xib */,
				B822F48116FD7B200039B14B /* Supporting Files */,
			);
			path = CarlsApp;
			sourceTree = "<group>";
		};
		B822F48116FD7B200039B14B /* Supporting Files */ = {
			isa = PBXGroup;
			children = (
				B822F48216FD7B200039B14B /* CarlsApp-Info.plist */,
				B822F48316FD7B200039B14B /* InfoPlist.strings */,
				B822F48616FD7B200039B14B /* main.m */,
				B822F48816FD7B200039B14B /* CarlsApp-Prefix.pch */,
				B822F48C16FD7B200039B14B /* Default.png */,
				B822F48E16FD7B200039B14B /* Default@2x.png */,
				B822F49016FD7B200039B14B /* Default-568h@2x.png */,
			);
			name = "Supporting Files";
			sourceTree = "<group>";
		};
		B827292816FE138F00C9E8C5 /* Specs */ = {
			isa = PBXGroup;
			children = (
				B827293916FE14F600C9E8C5 /* Frameworks */,
				B827292916FE138F00C9E8C5 /* Supporting Files */,
				B827293A16FE163300C9E8C5 /* AppDelegateSpec.mm */,
				B827294216FE1B3300C9E8C5 /* SpecHelper.h */,
				B827294316FE1B3300C9E8C5 /* SpecHelper.m */,
			);
			path = Specs;
			sourceTree = "<group>";
		};
		B827292916FE138F00C9E8C5 /* Supporting Files */ = {
			isa = PBXGroup;
			children = (
				B827292A16FE138F00C9E8C5 /* Specs-Info.plist */,
				B827292B16FE138F00C9E8C5 /* InfoPlist.strings */,
				B827292E16FE139000C9E8C5 /* main.m */,
				B827293016FE139000C9E8C5 /* Specs-Prefix.pch */,
			);
			name = "Supporting Files";
			sourceTree = "<group>";
		};
		B827293816FE14E500C9E8C5 /* Frameworks */ = {
			isa = PBXGroup;
			children = (
			);
			name = Frameworks;
			sourceTree = "<group>";
		};
		B827293916FE14F600C9E8C5 /* Frameworks */ = {
			isa = PBXGroup;
			children = (
				B827294016FE1A8C00C9E8C5 /* UIKit+PivotalSpecHelper-iOS.framework */,
				B827293116FE139000C9E8C5 /* Cedar-iOS.framework */,
			);
			name = Frameworks;
			sourceTree = "<group>";
		};
/* End PBXGroup section */

/* Begin PBXNativeTarget section */
		B822F47616FD7B200039B14B /* CarlsApp */ = {
			isa = PBXNativeTarget;
			buildConfigurationList = B822F49416FD7B200039B14B /* Build configuration list for PBXNativeTarget "CarlsApp" */;
			buildPhases = (
				B822F47316FD7B200039B14B /* Sources */,
				B822F47416FD7B200039B14B /* Frameworks */,
				B822F47516FD7B200039B14B /* Resources */,
			);
			buildRules = (
			);
			dependencies = (
			);
			name = CarlsApp;
			productName = CarlsApp;
			productReference = B822F47716FD7B200039B14B /* CarlsApp.app */;
			productType = "com.apple.product-type.application";
		};
		B827292316FE138F00C9E8C5 /* Specs */ = {
			isa = PBXNativeTarget;
			buildConfigurationList = B827293716FE139000C9E8C5 /* Build configuration list for PBXNativeTarget "Specs" */;
			buildPhases = (
				B827292016FE138F00C9E8C5 /* Sources */,
				B827292116FE138F00C9E8C5 /* Frameworks */,
				B827292216FE138F00C9E8C5 /* Resources */,
			);
			buildRules = (
			);
			dependencies = (
			);
			name = Specs;
			productName = Specs;
			productReference = B827292416FE138F00C9E8C5 /* Specs.app */;
			productType = "com.apple.product-type.application";
		};
/* End PBXNativeTarget section */

/* Begin PBXProject section */
		B822F46F16FD7B200039B14B /* Project object */ = {
			isa = PBXProject;
			attributes = {
				LastUpgradeCheck = 0460;
				ORGANIZATIONNAME = "Prairiedogg International Limited";
			};
			buildConfigurationList = B822F47216FD7B200039B14B /* Build configuration list for PBXProject "CarlsApp" */;
			compatibilityVersion = "Xcode 3.2";
			developmentRegion = English;
			hasScannedForEncodings = 0;
			knownRegions = (
				en,
			);
			mainGroup = B822F46E16FD7B200039B14B;
			productRefGroup = B822F47816FD7B200039B14B /* Products */;
			projectDirPath = "";
			projectRoot = "";
			targets = (
				B822F47616FD7B200039B14B /* CarlsApp */,
				B827292316FE138F00C9E8C5 /* Specs */,
			);
		};
/* End PBXProject section */

/* Begin PBXResourcesBuildPhase section */
		B822F47516FD7B200039B14B /* Resources */ = {
			isa = PBXResourcesBuildPhase;
			buildActionMask = 2147483647;
			files = (
				B822F48516FD7B200039B14B /* InfoPlist.strings in Resources */,
				B822F48D16FD7B200039B14B /* Default.png in Resources */,
				B822F48F16FD7B200039B14B /* Default@2x.png in Resources */,
				B822F49116FD7B200039B14B /* Default-568h@2x.png in Resources */,
				B822F49C16FD84140039B14B /* HomeController.xib in Resources */,
			);
			runOnlyForDeploymentPostprocessing = 0;
		};
		B827292216FE138F00C9E8C5 /* Resources */ = {
			isa = PBXResourcesBuildPhase;
			buildActionMask = 2147483647;
			files = (
				B827292D16FE138F00C9E8C5 /* InfoPlist.strings in Resources */,
				B827293F16FE192100C9E8C5 /* Default-568h@2x.png in Resources */,
			);
			runOnlyForDeploymentPostprocessing = 0;
		};
/* End PBXResourcesBuildPhase section */

/* Begin PBXSourcesBuildPhase section */
		B822F47316FD7B200039B14B /* Sources */ = {
			isa = PBXSourcesBuildPhase;
			buildActionMask = 2147483647;
			files = (
				B822F48716FD7B200039B14B /* main.m in Sources */,
				B822F48B16FD7B200039B14B /* AppDelegate.m in Sources */,
				B822F49B16FD84140039B14B /* HomeController.m in Sources */,
			);
			runOnlyForDeploymentPostprocessing = 0;
		};
		B827292016FE138F00C9E8C5 /* Sources */ = {
			isa = PBXSourcesBuildPhase;
			buildActionMask = 2147483647;
			files = (
				B827293D16FE190600C9E8C5 /* HomeController.m in Sources */,
				B827293C16FE18F500C9E8C5 /* AppDelegate.m in Sources */,
				B827292F16FE139000C9E8C5 /* main.m in Sources */,
				B827293B16FE163300C9E8C5 /* AppDelegateSpec.mm in Sources */,
				B827294416FE1B3300C9E8C5 /* SpecHelper.m in Sources */,
			);
			runOnlyForDeploymentPostprocessing = 0;
		};
/* End PBXSourcesBuildPhase section */

/* Begin PBXVariantGroup section */
		B822F48316FD7B200039B14B /* InfoPlist.strings */ = {
			isa = PBXVariantGroup;
			children = (
				B822F48416FD7B200039B14B /* en */,
			);
			name = InfoPlist.strings;
			sourceTree = "<group>";
		};
		B827292B16FE138F00C9E8C5 /* InfoPlist.strings */ = {
			isa = PBXVariantGroup;
			children = (
				B827292C16FE138F00C9E8C5 /* en */,
			);
			name = InfoPlist.strings;
			sourceTree = "<group>";
		};
/* End PBXVariantGroup section */

/* Begin XCBuildConfiguration section */
		B822F49216FD7B200039B14B /* Debug */ = {
			isa = XCBuildConfiguration;
			buildSettings = {
				ALWAYS_SEARCH_USER_PATHS = NO;
				CLANG_CXX_LANGUAGE_STANDARD = "gnu++0x";
				CLANG_CXX_LIBRARY = "libc++";
				CLANG_ENABLE_OBJC_ARC = YES;
				CLANG_WARN_CONSTANT_CONVERSION = YES;
				CLANG_WARN_EMPTY_BODY = YES;
				CLANG_WARN_ENUM_CONVERSION = YES;
				CLANG_WARN_INT_CONVERSION = YES;
				CLANG_WARN__DUPLICATE_METHOD_MATCH = YES;
				"CODE_SIGN_IDENTITY[sdk=iphoneos*]" = "iPhone Developer";
				COPY_PHASE_STRIP = NO;
				GCC_C_LANGUAGE_STANDARD = gnu99;
				GCC_DYNAMIC_NO_PIC = NO;
				GCC_OPTIMIZATION_LEVEL = 0;
				GCC_PREPROCESSOR_DEFINITIONS = (
					"DEBUG=1",
					"$(inherited)",
				);
				GCC_SYMBOLS_PRIVATE_EXTERN = NO;
				GCC_WARN_ABOUT_RETURN_TYPE = YES;
				GCC_WARN_UNINITIALIZED_AUTOS = YES;
				GCC_WARN_UNUSED_VARIABLE = YES;
				IPHONEOS_DEPLOYMENT_TARGET = 6.1;
				ONLY_ACTIVE_ARCH = YES;
				SDKROOT = iphoneos;
			};
			name = Debug;
		};
		B822F49316FD7B200039B14B /* Release */ = {
			isa = XCBuildConfiguration;
			buildSettings = {
				ALWAYS_SEARCH_USER_PATHS = NO;
				CLANG_CXX_LANGUAGE_STANDARD = "gnu++0x";
				CLANG_CXX_LIBRARY = "libc++";
				CLANG_ENABLE_OBJC_ARC = YES;
				CLANG_WARN_CONSTANT_CONVERSION = YES;
				CLANG_WARN_EMPTY_BODY = YES;
				CLANG_WARN_ENUM_CONVERSION = YES;
				CLANG_WARN_INT_CONVERSION = YES;
				CLANG_WARN__DUPLICATE_METHOD_MATCH = YES;
				"CODE_SIGN_IDENTITY[sdk=iphoneos*]" = "iPhone Developer";
				COPY_PHASE_STRIP = YES;
				GCC_C_LANGUAGE_STANDARD = gnu99;
				GCC_WARN_ABOUT_RETURN_TYPE = YES;
				GCC_WARN_UNINITIALIZED_AUTOS = YES;
				GCC_WARN_UNUSED_VARIABLE = YES;
				IPHONEOS_DEPLOYMENT_TARGET = 6.1;
				OTHER_CFLAGS = "-DNS_BLOCK_ASSERTIONS=1";
				SDKROOT = iphoneos;
				VALIDATE_PRODUCT = YES;
			};
			name = Release;
		};
		B822F49516FD7B200039B14B /* Debug */ = {
			isa = XCBuildConfiguration;
			buildSettings = {
				GCC_PRECOMPILE_PREFIX_HEADER = YES;
				GCC_PREFIX_HEADER = "CarlsApp/CarlsApp-Prefix.pch";
				INFOPLIST_FILE = "CarlsApp/CarlsApp-Info.plist";
				PRODUCT_NAME = "$(TARGET_NAME)";
				WRAPPER_EXTENSION = app;
			};
			name = Debug;
		};
		B822F49616FD7B200039B14B /* Release */ = {
			isa = XCBuildConfiguration;
			buildSettings = {
				GCC_PRECOMPILE_PREFIX_HEADER = YES;
				GCC_PREFIX_HEADER = "CarlsApp/CarlsApp-Prefix.pch";
				INFOPLIST_FILE = "CarlsApp/CarlsApp-Info.plist";
				PRODUCT_NAME = "$(TARGET_NAME)";
				WRAPPER_EXTENSION = app;
			};
			name = Release;
		};
		B827293516FE139000C9E8C5 /* Debug */ = {
			isa = XCBuildConfiguration;
			buildSettings = {
				"CODE_SIGN_IDENTITY[sdk=iphoneos*]" = "iPhone Developer";
				FRAMEWORK_SEARCH_PATHS = (
					"$(inherited)",
					"\"$(SRCROOT)/Specs/Frameworks\"",
				);
				GCC_PRECOMPILE_PREFIX_HEADER = YES;
				GCC_PREFIX_HEADER = "Specs/Specs-Prefix.pch";
				INFOPLIST_FILE = "Specs/Specs-Info.plist";
				IPHONEOS_DEPLOYMENT_TARGET = 5.1;
				OTHER_LDFLAGS = (
					"-ObjC",
					"-all_load",
					"-lstdc++",
				);
				PRODUCT_NAME = "$(TARGET_NAME)";
				WRAPPER_EXTENSION = app;
			};
			name = Debug;
		};
		B827293616FE139000C9E8C5 /* Release */ = {
			isa = XCBuildConfiguration;
			buildSettings = {
				"CODE_SIGN_IDENTITY[sdk=iphoneos*]" = "iPhone Developer";
				FRAMEWORK_SEARCH_PATHS = (
					"$(inherited)",
					"\"$(SRCROOT)/Specs/Frameworks\"",
				);
				GCC_PRECOMPILE_PREFIX_HEADER = YES;
				GCC_PREFIX_HEADER = "Specs/Specs-Prefix.pch";
				INFOPLIST_FILE = "Specs/Specs-Info.plist";
				IPHONEOS_DEPLOYMENT_TARGET = 5.1;
				OTHER_CFLAGS = "-DNS_BLOCK_ASSERTIONS=1";
				OTHER_LDFLAGS = (
					"-ObjC",
					"-all_load",
					"-lstdc++",
				);
				PRODUCT_NAME = "$(TARGET_NAME)";
				WRAPPER_EXTENSION = app;
			};
			name = Release;
		};
/* End XCBuildConfiguration section */

/* Begin XCConfigurationList section */
		B822F47216FD7B200039B14B /* Build configuration list for PBXProject "CarlsApp" */ = {
			isa = XCConfigurationList;
			buildConfigurations = (
				B822F49216FD7B200039B14B /* Debug */,
				B822F49316FD7B200039B14B /* Release */,
			);
			defaultConfigurationIsVisible = 0;
			defaultConfigurationName = Release;
		};
		B822F49416FD7B200039B14B /* Build configuration list for PBXNativeTarget "CarlsApp" */ = {
			isa = XCConfigurationList;
			buildConfigurations = (
				B822F49516FD7B200039B14B /* Debug */,
				B822F49616FD7B200039B14B /* Release */,
			);
			defaultConfigurationIsVisible = 0;
			defaultConfigurationName = Release;
		};
		B827293716FE139000C9E8C5 /* Build configuration list for PBXNativeTarget "Specs" */ = {
			isa = XCConfigurationList;
			buildConfigurations = (
				B827293516FE139000C9E8C5 /* Debug */,
				B827293616FE139000C9E8C5 /* Release */,
			);
			defaultConfigurationIsVisible = 0;
			defaultConfigurationName = Release;
		};
/* End XCConfigurationList section */
	};
	rootObject = B822F46F16FD7B200039B14B /* Project object */;
}
